
Microsoft Visual Studio Solution File, Format Version 10.00
# Visual Studio 2008
Project("{8BC9CEB8-8B4A-11D0-8D11-00A0C91BC942}") = "DCSanner", "DCSanner.vcproj", "{E7AA1D4C-E3CE-419C-A9AD-D7B9F26E00A8}"
EndProject
Project("{8BC9CEB8-8B4A-11D0-8D11-00A0C91BC942}") = "SystemHook", "..\SystemHook\ForceVersionDLL.vcproj", "{0CA95F37-5F04-4CD8-BAC6-7AA9D4B77CEF}"
EndProject
Global
	GlobalSection(SolutionConfigurationPlatforms) = preSolution
		Debug|Win32 = Debug|Win32
		Release|Win32 = Release|Win32
	EndGlobalSection
	GlobalSection(ProjectConfigurationPlatforms) = postSolution
		{E7AA1D4C-E3CE-419C-A9AD-D7B9F26E00A8}.Debug|Win32.ActiveCfg = Debug|Win32
		{E7AA1D4C-E3CE-419C-A9AD-D7B9F26E00A8}.Debug|Win32.Build.0 = Debug|Win32
		{E7AA1D4C-E3CE-419C-A9AD-D7B9F26E00A8}.Release|Win32.ActiveCfg = Release|Win32
		{E7AA1D4C-E3CE-419C-A9AD-D7B9F26E00A8}.Release|Win32.Build.0 = Release|Win32
		{0CA95F37-5F04-4CD8-BAC6-7AA9D4B77CEF}.Debug|Win32.ActiveCfg = Debug|Win32
		{0CA95F37-5F04-4CD8-BAC6-7AA9D4B77CEF}.Debug|Win32.Build.0 = Debug|Win32
		{0CA95F37-5F04-4CD8-BAC6-7AA9D4B77CEF}.Release|Win32.ActiveCfg = Release|Win32
		{0CA95F37-5F04-4CD8-BAC6-7AA9D4B77CEF}.Release|Win32.Build.0 = Release|Win32
	EndGlobalSection
	GlobalSection(SolutionProperties) = preSolution
		HideSolutionNode = FALSE
	EndGlobalSection
EndGlobal
