
Microsoft Visual Studio Solution File, Format Version 10.00
# Visual Studio 2008
Project("{8BC9CEB8-8B4A-11D0-8D11-00A0C91BC942}") = "DCComunication", "DCComunication.vcproj", "{F60EB229-B06C-4662-912B-2B874D5EAC0C}"
EndProject
Global
	GlobalSection(SolutionConfigurationPlatforms) = preSolution
		Debug|Win32 = Debug|Win32
		Release|Win32 = Release|Win32
	EndGlobalSection
	GlobalSection(ProjectConfigurationPlatforms) = postSolution
		{F60EB229-B06C-4662-912B-2B874D5EAC0C}.Debug|Win32.ActiveCfg = Debug|Win32
		{F60EB229-B06C-4662-912B-2B874D5EAC0C}.Debug|Win32.Build.0 = Debug|Win32
		{F60EB229-B06C-4662-912B-2B874D5EAC0C}.Release|Win32.ActiveCfg = Release|Win32
		{F60EB229-B06C-4662-912B-2B874D5EAC0C}.Release|Win32.Build.0 = Release|Win32
	EndGlobalSection
	GlobalSection(SolutionProperties) = preSolution
		HideSolutionNode = FALSE
	EndGlobalSection
EndGlobal
