
Microsoft Visual Studio Solution File, Format Version 9.00
# Visual Studio 2005
Project("{8BC9CEB8-8B4A-11D0-8D11-00A0C91BC942}") = "libclamav", "libclamav\libclamav.vcproj", "{C5A10DA8-717D-4462-8E84-E8B97F50CF54}"
EndProject
Project("{8BC9CEB8-8B4A-11D0-8D11-00A0C91BC942}") = "clamscan", "clamscan\clamscan.vcproj", "{D65C58D2-FA9B-4D48-BC87-E5B73500C40F}"
	ProjectSection(ProjectDependencies) = postProject
		{C5A10DA8-717D-4462-8E84-E8B97F50CF54} = {C5A10DA8-717D-4462-8E84-E8B97F50CF54}
	EndProjectSection
EndProject
Project("{8BC9CEB8-8B4A-11D0-8D11-00A0C91BC942}") = "shared", "shared\shared.vcproj", "{A2FD531E-3326-4970-8003-62D9C7551BAA}"
EndProject
Project("{8BC9CEB8-8B4A-11D0-8D11-00A0C91BC942}") = "freshclam", "freshclam\freshclam.vcproj", "{EDA439D9-1896-444B-871D-C78D372AAC43}"
	ProjectSection(ProjectDependencies) = postProject
		{C5A10DA8-717D-4462-8E84-E8B97F50CF54} = {C5A10DA8-717D-4462-8E84-E8B97F50CF54}
	EndProjectSection
EndProject
Project("{8BC9CEB8-8B4A-11D0-8D11-00A0C91BC942}") = "clamd", "clamd\clamd.vcproj", "{F4366EC9-06FC-446B-B3EF-4D26C6860810}"
	ProjectSection(ProjectDependencies) = postProject
		{C5A10DA8-717D-4462-8E84-E8B97F50CF54} = {C5A10DA8-717D-4462-8E84-E8B97F50CF54}
	EndProjectSection
EndProject
Project("{54435603-DBB4-11D2-8724-00A0C9A8B90C}") = "clamAV", "clamAV\clamAV.vdproj", "{169F1DF2-8A32-42D0-BE4E-CE418CB47D4E}"
	ProjectSection(ProjectDependencies) = postProject
		{C5A10DA8-717D-4462-8E84-E8B97F50CF54} = {C5A10DA8-717D-4462-8E84-E8B97F50CF54}
		{0AA6E5C4-591E-4244-9E1C-FDEA4BBE39F9} = {0AA6E5C4-591E-4244-9E1C-FDEA4BBE39F9}
		{F4366EC9-06FC-446B-B3EF-4D26C6860810} = {F4366EC9-06FC-446B-B3EF-4D26C6860810}
		{D65C58D2-FA9B-4D48-BC87-E5B73500C40F} = {D65C58D2-FA9B-4D48-BC87-E5B73500C40F}
		{EC04092E-8906-4CED-AC2D-B72EC9A4CCD2} = {EC04092E-8906-4CED-AC2D-B72EC9A4CCD2}
		{A2FD531E-3326-4970-8003-62D9C7551BAA} = {A2FD531E-3326-4970-8003-62D9C7551BAA}
	EndProjectSection
EndProject
Project("{8BC9CEB8-8B4A-11D0-8D11-00A0C91BC942}") = "clamdscan", "clamdscan\clamdscan.vcproj", "{EC04092E-8906-4CED-AC2D-B72EC9A4CCD2}"
	ProjectSection(ProjectDependencies) = postProject
		{C5A10DA8-717D-4462-8E84-E8B97F50CF54} = {C5A10DA8-717D-4462-8E84-E8B97F50CF54}
	EndProjectSection
EndProject
Project("{8BC9CEB8-8B4A-11D0-8D11-00A0C91BC942}") = "clamconf", "clamconf\clamconf.vcproj", "{0AA6E5C4-591E-4244-9E1C-FDEA4BBE39F9}"
	ProjectSection(ProjectDependencies) = postProject
		{C5A10DA8-717D-4462-8E84-E8B97F50CF54} = {C5A10DA8-717D-4462-8E84-E8B97F50CF54}
	EndProjectSection
EndProject
Project("{8BC9CEB8-8B4A-11D0-8D11-00A0C91BC942}") = "clamdService", "clamdService\clamdService.vcproj", "{E992A4ED-0A49-4522-B6A9-4E233635D550}"
	ProjectSection(ProjectDependencies) = postProject
		{F4366EC9-06FC-446B-B3EF-4D26C6860810} = {F4366EC9-06FC-446B-B3EF-4D26C6860810}
		{EDA439D9-1896-444B-871D-C78D372AAC43} = {EDA439D9-1896-444B-871D-C78D372AAC43}
	EndProjectSection
EndProject
Project("{8BC9CEB8-8B4A-11D0-8D11-00A0C91BC942}") = "clamAVShellExt", "clamAVShellExt\clamAVShellExt.vcproj", "{36331FC6-471F-42A5-BF8D-13C3D42068F6}"
EndProject
Project("{8BC9CEB8-8B4A-11D0-8D11-00A0C91BC942}") = "clamAVShellExtPS", "clamAVShellExt\clamAVShellExtPS.vcproj", "{80DE74A8-2570-47F7-B489-2059F0664711}"
	ProjectSection(ProjectDependencies) = postProject
		{36331FC6-471F-42A5-BF8D-13C3D42068F6} = {36331FC6-471F-42A5-BF8D-13C3D42068F6}
	EndProjectSection
EndProject
Project("{54435603-DBB4-11D2-8724-00A0C9A8B90C}") = "PowerTools", "PowerTools\PowerTools.vdproj", "{340C0D4C-587B-4EC6-8EF3-7434A1E99A46}"
	ProjectSection(ProjectDependencies) = postProject
		{36331FC6-471F-42A5-BF8D-13C3D42068F6} = {36331FC6-471F-42A5-BF8D-13C3D42068F6}
		{169F1DF2-8A32-42D0-BE4E-CE418CB47D4E} = {169F1DF2-8A32-42D0-BE4E-CE418CB47D4E}
	EndProjectSection
EndProject
Project("{8BC9CEB8-8B4A-11D0-8D11-00A0C91BC942}") = "clamAVaddin", "clamAVaddin\clamAVaddin.vcproj", "{160575E2-2397-4969-8203-299157AA0907}"
	ProjectSection(ProjectDependencies) = postProject
		{F4366EC9-06FC-446B-B3EF-4D26C6860810} = {F4366EC9-06FC-446B-B3EF-4D26C6860810}
	EndProjectSection
EndProject
Project("{54435603-DBB4-11D2-8724-00A0C9A8B90C}") = "clamAVaddinSetup", "clamAVaddin\clamAVaddinSetup\clamAVaddinSetup.vdproj", "{73D581BC-28FE-4F9B-B6D4-F862A965FBA1}"
EndProject
Project("{8BC9CEB8-8B4A-11D0-8D11-00A0C91BC942}") = "AVGui", "AVGui\AVGui\AVGui.vcproj", "{059BFEBA-9202-4C5E-B94F-F496E6D82F17}"
EndProject
Project("{8BC9CEB8-8B4A-11D0-8D11-00A0C91BC942}") = "clamOffice", "clamOffice\clamOffice.vcproj", "{11DF8F34-16CC-4AFE-A19D-C7D4AE274E6E}"
EndProject
Project("{54435603-DBB4-11D2-8724-00A0C9A8B90C}") = "clamOfficeSetup", "clamOffice\clamOfficeSetup\clamOfficeSetup.vdproj", "{CD50B8F4-A513-4618-AB43-13DA5B1B0BF8}"
EndProject
Project("{8BC9CEB8-8B4A-11D0-8D11-00A0C91BC942}") = "libclamunrar", "libclamunrar\libclamunrar.vcproj", "{5DDAE32F-E48B-4AEC-AF14-360C58069AF3}"
EndProject
Global
	GlobalSection(SolutionConfigurationPlatforms) = preSolution
		Debug|Win32 = Debug|Win32
		Release|Win32 = Release|Win32
		Description = ClamAV Anti Virus
	EndGlobalSection
	GlobalSection(ProjectConfigurationPlatforms) = postSolution
		{C5A10DA8-717D-4462-8E84-E8B97F50CF54}.Debug|Win32.ActiveCfg = Debug|Win32
		{C5A10DA8-717D-4462-8E84-E8B97F50CF54}.Debug|Win32.Build.0 = Debug|Win32
		{C5A10DA8-717D-4462-8E84-E8B97F50CF54}.Release|Win32.ActiveCfg = Release|Win32
		{C5A10DA8-717D-4462-8E84-E8B97F50CF54}.Release|Win32.Build.0 = Release|Win32
		{D65C58D2-FA9B-4D48-BC87-E5B73500C40F}.Debug|Win32.ActiveCfg = Debug|Win32
		{D65C58D2-FA9B-4D48-BC87-E5B73500C40F}.Debug|Win32.Build.0 = Debug|Win32
		{D65C58D2-FA9B-4D48-BC87-E5B73500C40F}.Release|Win32.ActiveCfg = Release|Win32
		{D65C58D2-FA9B-4D48-BC87-E5B73500C40F}.Release|Win32.Build.0 = Release|Win32
		{A2FD531E-3326-4970-8003-62D9C7551BAA}.Debug|Win32.ActiveCfg = Debug|Win32
		{A2FD531E-3326-4970-8003-62D9C7551BAA}.Release|Win32.ActiveCfg = Release|Win32
		{EDA439D9-1896-444B-871D-C78D372AAC43}.Debug|Win32.ActiveCfg = Debug|Win32
		{EDA439D9-1896-444B-871D-C78D372AAC43}.Debug|Win32.Build.0 = Debug|Win32
		{EDA439D9-1896-444B-871D-C78D372AAC43}.Release|Win32.ActiveCfg = Release|Win32
		{EDA439D9-1896-444B-871D-C78D372AAC43}.Release|Win32.Build.0 = Release|Win32
		{F4366EC9-06FC-446B-B3EF-4D26C6860810}.Debug|Win32.ActiveCfg = Debug|Win32
		{F4366EC9-06FC-446B-B3EF-4D26C6860810}.Debug|Win32.Build.0 = Debug|Win32
		{F4366EC9-06FC-446B-B3EF-4D26C6860810}.Release|Win32.ActiveCfg = Release|Win32
		{F4366EC9-06FC-446B-B3EF-4D26C6860810}.Release|Win32.Build.0 = Release|Win32
		{169F1DF2-8A32-42D0-BE4E-CE418CB47D4E}.Debug|Win32.ActiveCfg = Debug
		{169F1DF2-8A32-42D0-BE4E-CE418CB47D4E}.Debug|Win32.Build.0 = Debug
		{169F1DF2-8A32-42D0-BE4E-CE418CB47D4E}.Release|Win32.ActiveCfg = Release
		{169F1DF2-8A32-42D0-BE4E-CE418CB47D4E}.Release|Win32.Build.0 = Release
		{EC04092E-8906-4CED-AC2D-B72EC9A4CCD2}.Debug|Win32.ActiveCfg = Debug|Win32
		{EC04092E-8906-4CED-AC2D-B72EC9A4CCD2}.Debug|Win32.Build.0 = Debug|Win32
		{EC04092E-8906-4CED-AC2D-B72EC9A4CCD2}.Release|Win32.ActiveCfg = Release|Win32
		{EC04092E-8906-4CED-AC2D-B72EC9A4CCD2}.Release|Win32.Build.0 = Release|Win32
		{0AA6E5C4-591E-4244-9E1C-FDEA4BBE39F9}.Debug|Win32.ActiveCfg = Debug|Win32
		{0AA6E5C4-591E-4244-9E1C-FDEA4BBE39F9}.Debug|Win32.Build.0 = Debug|Win32
		{0AA6E5C4-591E-4244-9E1C-FDEA4BBE39F9}.Release|Win32.ActiveCfg = Release|Win32
		{0AA6E5C4-591E-4244-9E1C-FDEA4BBE39F9}.Release|Win32.Build.0 = Release|Win32
		{E992A4ED-0A49-4522-B6A9-4E233635D550}.Debug|Win32.ActiveCfg = Debug|Win32
		{E992A4ED-0A49-4522-B6A9-4E233635D550}.Debug|Win32.Build.0 = Debug|Win32
		{E992A4ED-0A49-4522-B6A9-4E233635D550}.Release|Win32.ActiveCfg = Release|Win32
		{E992A4ED-0A49-4522-B6A9-4E233635D550}.Release|Win32.Build.0 = Release|Win32
		{36331FC6-471F-42A5-BF8D-13C3D42068F6}.Debug|Win32.ActiveCfg = Debug|Win32
		{36331FC6-471F-42A5-BF8D-13C3D42068F6}.Debug|Win32.Build.0 = Debug|Win32
		{36331FC6-471F-42A5-BF8D-13C3D42068F6}.Release|Win32.ActiveCfg = Release|Win32
		{80DE74A8-2570-47F7-B489-2059F0664711}.Debug|Win32.ActiveCfg = Debug|Win32
		{80DE74A8-2570-47F7-B489-2059F0664711}.Release|Win32.ActiveCfg = Release|Win32
		{340C0D4C-587B-4EC6-8EF3-7434A1E99A46}.Debug|Win32.ActiveCfg = Debug
		{340C0D4C-587B-4EC6-8EF3-7434A1E99A46}.Debug|Win32.Build.0 = Debug
		{340C0D4C-587B-4EC6-8EF3-7434A1E99A46}.Release|Win32.ActiveCfg = Release
		{340C0D4C-587B-4EC6-8EF3-7434A1E99A46}.Release|Win32.Build.0 = Release
		{160575E2-2397-4969-8203-299157AA0907}.Debug|Win32.ActiveCfg = Debug|Win32
		{160575E2-2397-4969-8203-299157AA0907}.Debug|Win32.Build.0 = Debug|Win32
		{160575E2-2397-4969-8203-299157AA0907}.Release|Win32.ActiveCfg = Release|Win32
		{160575E2-2397-4969-8203-299157AA0907}.Release|Win32.Build.0 = Release|Win32
		{73D581BC-28FE-4F9B-B6D4-F862A965FBA1}.Debug|Win32.ActiveCfg = Debug
		{73D581BC-28FE-4F9B-B6D4-F862A965FBA1}.Debug|Win32.Build.0 = Debug
		{73D581BC-28FE-4F9B-B6D4-F862A965FBA1}.Release|Win32.ActiveCfg = Release
		{73D581BC-28FE-4F9B-B6D4-F862A965FBA1}.Release|Win32.Build.0 = Release
		{059BFEBA-9202-4C5E-B94F-F496E6D82F17}.Debug|Win32.ActiveCfg = Debug|Win32
		{059BFEBA-9202-4C5E-B94F-F496E6D82F17}.Debug|Win32.Build.0 = Debug|Win32
		{059BFEBA-9202-4C5E-B94F-F496E6D82F17}.Release|Win32.ActiveCfg = Release|Win32
		{059BFEBA-9202-4C5E-B94F-F496E6D82F17}.Release|Win32.Build.0 = Release|Win32
		{11DF8F34-16CC-4AFE-A19D-C7D4AE274E6E}.Debug|Win32.ActiveCfg = Debug|Win32
		{11DF8F34-16CC-4AFE-A19D-C7D4AE274E6E}.Debug|Win32.Build.0 = Debug|Win32
		{11DF8F34-16CC-4AFE-A19D-C7D4AE274E6E}.Release|Win32.ActiveCfg = Release|Win32
		{11DF8F34-16CC-4AFE-A19D-C7D4AE274E6E}.Release|Win32.Build.0 = Release|Win32
		{CD50B8F4-A513-4618-AB43-13DA5B1B0BF8}.Debug|Win32.ActiveCfg = Debug
		{CD50B8F4-A513-4618-AB43-13DA5B1B0BF8}.Release|Win32.ActiveCfg = Release
		{5DDAE32F-E48B-4AEC-AF14-360C58069AF3}.Debug|Win32.ActiveCfg = Debug|Win32
		{5DDAE32F-E48B-4AEC-AF14-360C58069AF3}.Debug|Win32.Build.0 = Debug|Win32
		{5DDAE32F-E48B-4AEC-AF14-360C58069AF3}.Release|Win32.ActiveCfg = Release|Win32
		{5DDAE32F-E48B-4AEC-AF14-360C58069AF3}.Release|Win32.Build.0 = Release|Win32
	EndGlobalSection
	GlobalSection(SolutionProperties) = preSolution
		HideSolutionNode = FALSE
	EndGlobalSection
EndGlobal
