
Microsoft Visual Studio Solution File, Format Version 10.00
# Visual Studio 2008
Project("{8BC9CEB8-8B4A-11D0-8D11-00A0C91BC942}") = "DCAntiVirus", "DCAntiVirus.vcproj", "{FF588D58-179D-4057-8FBE-E8CD90FE61E1}"
EndProject
Project("{8BC9CEB8-8B4A-11D0-8D11-00A0C91BC942}") = "IdleTracker", "..\IdleTracker\IdleTracker.vcproj", "{BCE4944F-0666-4011-8A03-F6A7C6970E89}"
EndProject
Global
	GlobalSection(SolutionConfigurationPlatforms) = preSolution
		Debug|Win32 = Debug|Win32
		Release|Win32 = Release|Win32
	EndGlobalSection
	GlobalSection(ProjectConfigurationPlatforms) = postSolution
		{FF588D58-179D-4057-8FBE-E8CD90FE61E1}.Debug|Win32.ActiveCfg = Debug|Win32
		{FF588D58-179D-4057-8FBE-E8CD90FE61E1}.Debug|Win32.Build.0 = Debug|Win32
		{FF588D58-179D-4057-8FBE-E8CD90FE61E1}.Release|Win32.ActiveCfg = Release|Win32
		{FF588D58-179D-4057-8FBE-E8CD90FE61E1}.Release|Win32.Build.0 = Release|Win32
		{BCE4944F-0666-4011-8A03-F6A7C6970E89}.Debug|Win32.ActiveCfg = Release|Win32
		{BCE4944F-0666-4011-8A03-F6A7C6970E89}.Debug|Win32.Build.0 = Release|Win32
		{BCE4944F-0666-4011-8A03-F6A7C6970E89}.Release|Win32.ActiveCfg = Release|Win32
		{BCE4944F-0666-4011-8A03-F6A7C6970E89}.Release|Win32.Build.0 = Release|Win32
	EndGlobalSection
	GlobalSection(SolutionProperties) = preSolution
		HideSolutionNode = FALSE
	EndGlobalSection
EndGlobal
