
Microsoft Visual Studio Solution File, Format Version 10.00
# Visual Studio 2008
Project("{8BC9CEB8-8B4A-11D0-8D11-00A0C91BC942}") = "DetoursHookCenter", "DetoursHookCenter\DetoursHookCenter.vcproj", "{046AEEB9-5A77-4183-BD01-0FBA7CE7CE3A}"
EndProject
Project("{8BC9CEB8-8B4A-11D0-8D11-00A0C91BC942}") = "SystemHook", "..\SystemHook\ForceVersionDLL.vcproj", "{0CA95F37-5F04-4CD8-BAC6-7AA9D4B77CEF}"
EndProject
Project("{8BC9CEB8-8B4A-11D0-8D11-00A0C91BC942}") = "FileUsage", "..\..\FileUsage\FileUsage.vcproj", "{05C202B6-26D5-4687-A6C6-DC157A8ABBB0}"
EndProject
Global
	GlobalSection(SolutionConfigurationPlatforms) = preSolution
		Debug|Win32 = Debug|Win32
		Release|Win32 = Release|Win32
	EndGlobalSection
	GlobalSection(ProjectConfigurationPlatforms) = postSolution
		{046AEEB9-5A77-4183-BD01-0FBA7CE7CE3A}.Debug|Win32.ActiveCfg = Debug|Win32
		{046AEEB9-5A77-4183-BD01-0FBA7CE7CE3A}.Debug|Win32.Build.0 = Debug|Win32
		{046AEEB9-5A77-4183-BD01-0FBA7CE7CE3A}.Release|Win32.ActiveCfg = Release|Win32
		{046AEEB9-5A77-4183-BD01-0FBA7CE7CE3A}.Release|Win32.Build.0 = Release|Win32
		{0CA95F37-5F04-4CD8-BAC6-7AA9D4B77CEF}.Debug|Win32.ActiveCfg = Debug|Win32
		{0CA95F37-5F04-4CD8-BAC6-7AA9D4B77CEF}.Debug|Win32.Build.0 = Debug|Win32
		{0CA95F37-5F04-4CD8-BAC6-7AA9D4B77CEF}.Release|Win32.ActiveCfg = Release|Win32
		{0CA95F37-5F04-4CD8-BAC6-7AA9D4B77CEF}.Release|Win32.Build.0 = Release|Win32
		{05C202B6-26D5-4687-A6C6-DC157A8ABBB0}.Debug|Win32.ActiveCfg = Debug|Win32
		{05C202B6-26D5-4687-A6C6-DC157A8ABBB0}.Debug|Win32.Build.0 = Debug|Win32
		{05C202B6-26D5-4687-A6C6-DC157A8ABBB0}.Release|Win32.ActiveCfg = Release|Win32
		{05C202B6-26D5-4687-A6C6-DC157A8ABBB0}.Release|Win32.Build.0 = Release|Win32
	EndGlobalSection
	GlobalSection(SolutionProperties) = preSolution
		HideSolutionNode = FALSE
	EndGlobalSection
EndGlobal
